{
  "requires": true,
  "lockfileVersion": 1,
  "dependencies": {
    "js-tokens": {
      "version": "4.0.0",
      "resolved": "https://registry.npmjs.org/js-tokens/-/js-tokens-4.0.0.tgz",
      "integrity": "sha512-RdJUflcE3cUzKiMqQgsCu06FPu9UdIJO0beYbPhHN4k6apgJtifcoCtT9bcxOpYBtpD2kCM6Sbzg4CausW/PKQ=="
    },
    "loose-envify": {
      "version": "1.4.0",
      "resolved": "https://registry.npmjs.org/loose-envify/-/loose-envify-1.4.0.tgz",
      "integrity": "sha512-lyuxPGr/Wfhrlem2CL/UcnUc1zcqKAImBDzukY7Y5F/yQiNdko6+fRLevlw1HgMySw7f611UIY408EtxRSoK3Q==",
      "requires": {
        "js-tokens": "^3.0.0 || ^4.0.0"
      }
    },
    "object-assign": {
      "version": "4.1.1",
      "resolved": "https://registry.npmjs.org/object-assign/-/object-assign-4.1.1.tgz",
      "integrity": "sha1-IQmtx5ZYh8/AXLvUQsrIv7s2CGM="
    },
    "prop-types": {
      "version": "15.7.2",
      "resolved": "https://registry.npmjs.org/prop-types/-/prop-types-15.7.2.tgz",
      "integrity": "sha512-8QQikdH7//R2vurIJSutZ1smHYTcLpRWEOlHnzcWHmBYrOGUysKwSsrC89BCiFj3CbrfJ/nXFdJepOVrY1GCHQ==",
      "requires": {
        "loose-envify": "^1.4.0",
        "object-assign": "^4.1.1",
        "react-is": "^16.8.1"
      }
    },
    "react-bootstrap-country-select": {
      "version": "0.7.12",
      "resolved": "https://registry.npmjs.org/react-bootstrap-country-select/-/react-bootstrap-country-select-0.7.12.tgz",
      "integrity": "sha512-FJ67zMXCB8DmmfjIdk+I6FOaAiXNhBx08T/cq5vdal/1bPhiovsoor3qIm4iiUEFKpNtfy/TIeB8j7jE+RQzBw==",
      "requires": {
        "prop-types": "^15.7.2"
      }
    },
    "react-country-region-selector": {
      "version": "3.0.2",
      "resolved": "https://registry.npmjs.org/react-country-region-selector/-/react-country-region-selector-3.0.2.tgz",
      "integrity": "sha512-0U36SdE4F01Q3/uGDOHVFqhIrNR34v2cKnptUOflV5H51cwNxDLLASkB+PNDPd8emBP2i83e7HZdocWdjvIC/g=="
    },
    "react-is": {
      "version": "16.13.1",
      "resolved": "https://registry.npmjs.org/react-is/-/react-is-16.13.1.tgz",
      "integrity": "sha512-24e6ynE2H+OKt4kqsOvNd8kBpV65zoxbA4BVsEOB3ARVWQki/DHzaUoC5KuON/BiccDaCCTZBuOcfZs70kR8bQ=="
    },
    "react-select-country-list": {
      "version": "2.2.3",
      "resolved": "https://registry.npmjs.org/react-select-country-list/-/react-select-country-list-2.2.3.tgz",
      "integrity": "sha512-eRgXL613dVyJiE99yKDYLvSBKDxvIlhkmvO2DVIjdKVyUQq6kBqoMUV/2zuRIAsbRXgBGmKjeL1dxjf7zTfszg=="
    }
  }
}
